// !$*UTF8*$!
{
   archiveVersion = "1";
   objectVersion = "46";
   objects = {
      "JSONAPI::JSONAPI" = {
         isa = "PBXNativeTarget";
         buildConfigurationList = "OBJ_162";
         buildPhases = (
            "OBJ_165",
            "OBJ_190"
         );
         dependencies = (
            "OBJ_192"
         );
         name = "JSONAPI";
         productName = "JSONAPI";
         productReference = "JSONAPI::JSONAPI::Product";
         productType = "com.apple.product-type.framework";
      };
      "JSONAPI::JSONAPI::Product" = {
         isa = "PBXFileReference";
         path = "JSONAPI.framework";
         sourceTree = "BUILT_PRODUCTS_DIR";
      };
      "JSONAPI::JSONAPIPackageTests::ProductTarget" = {
         isa = "PBXAggregateTarget";
         buildConfigurationList = "OBJ_201";
         buildPhases = (
         );
         dependencies = (
            "OBJ_204",
            "OBJ_206"
         );
         name = "JSONAPIPackageTests";
         productName = "JSONAPIPackageTests";
      };
      "JSONAPI::JSONAPITesting" = {
         isa = "PBXNativeTarget";
         buildConfigurationList = "OBJ_209";
         buildPhases = (
            "OBJ_212",
            "OBJ_228"
         );
         dependencies = (
            "OBJ_231",
            "OBJ_232"
         );
         name = "JSONAPITesting";
         productName = "JSONAPITesting";
         productReference = "JSONAPI::JSONAPITesting::Product";
         productType = "com.apple.product-type.framework";
      };
      "JSONAPI::JSONAPITesting::Product" = {
         isa = "PBXFileReference";
         path = "JSONAPITesting.framework";
         sourceTree = "BUILT_PRODUCTS_DIR";
      };
      "JSONAPI::JSONAPITestingTests" = {
         isa = "PBXNativeTarget";
         buildConfigurationList = "OBJ_233";
         buildPhases = (
            "OBJ_236",
            "OBJ_249"
         );
         dependencies = (
            "OBJ_253",
            "OBJ_254",
            "OBJ_255"
         );
         name = "JSONAPITestingTests";
         productName = "JSONAPITestingTests";
         productReference = "JSONAPI::JSONAPITestingTests::Product";
         productType = "com.apple.product-type.bundle.unit-test";
      };
      "JSONAPI::JSONAPITestingTests::Product" = {
         isa = "PBXFileReference";
         path = "JSONAPITestingTests.xctest";
         sourceTree = "BUILT_PRODUCTS_DIR";
      };
      "JSONAPI::JSONAPITests" = {
         isa = "PBXNativeTarget";
         buildConfigurationList = "OBJ_256";
         buildPhases = (
            "OBJ_259",
            "OBJ_302"
         );
         dependencies = (
            "OBJ_306",
            "OBJ_307",
            "OBJ_308"
         );
         name = "JSONAPITests";
         productName = "JSONAPITests";
         productReference = "JSONAPI::JSONAPITests::Product";
         productType = "com.apple.product-type.bundle.unit-test";
      };
      "JSONAPI::JSONAPITests::Product" = {
         isa = "PBXFileReference";
         path = "JSONAPITests.xctest";
         sourceTree = "BUILT_PRODUCTS_DIR";
      };
      "JSONAPI::SwiftPMPackageDescription" = {
         isa = "PBXNativeTarget";
         buildConfigurationList = "OBJ_195";
         buildPhases = (
            "OBJ_198"
         );
         dependencies = (
         );
         name = "JSONAPIPackageDescription";
         productName = "JSONAPIPackageDescription";
         productType = "com.apple.product-type.framework";
      };
      "OBJ_1" = {
         isa = "PBXProject";
         attributes = {
            LastSwiftMigration = "9999";
            LastUpgradeCheck = "9999";
         };
         buildConfigurationList = "OBJ_2";
         compatibilityVersion = "Xcode 3.2";
         developmentRegion = "en";
         hasScannedForEncodings = "0";
         knownRegions = (
            "en"
         );
         mainGroup = "OBJ_5";
         productRefGroup = "OBJ_150";
         projectDirPath = ".";
         targets = (
            "JSONAPI::JSONAPI",
            "JSONAPI::SwiftPMPackageDescription",
            "JSONAPI::JSONAPIPackageTests::ProductTarget",
            "JSONAPI::JSONAPITesting",
            "JSONAPI::JSONAPITestingTests",
            "JSONAPI::JSONAPITests",
            "Poly::Poly",
            "Poly::SwiftPMPackageDescription"
         );
      };
      "OBJ_10" = {
         isa = "PBXFileReference";
         path = "APIDescription.swift";
         sourceTree = "<group>";
      };
      "OBJ_100" = {
         isa = "PBXFileReference";
         path = "IncludeTests.swift";
         sourceTree = "<group>";
      };
      "OBJ_101" = {
         isa = "PBXFileReference";
         path = "IncludesDecodingErrorTests.swift";
         sourceTree = "<group>";
      };
      "OBJ_102" = {
         isa = "PBXGroup";
         children = (
            "OBJ_103"
         );
         name = "stubs";
         path = "stubs";
         sourceTree = "<group>";
      };
      "OBJ_103" = {
         isa = "PBXFileReference";
         path = "IncludeStubs.swift";
         sourceTree = "<group>";
      };
      "OBJ_104" = {
         isa = "PBXGroup";
         children = (
            "OBJ_105",
            "OBJ_106"
         );
         name = "Links";
         path = "Links";
         sourceTree = "<group>";
      };
      "OBJ_105" = {
         isa = "PBXFileReference";
         path = "LinksTests.swift";
         sourceTree = "<group>";
      };
      "OBJ_106" = {
         isa = "PBXGroup";
         children = (
            "OBJ_107"
         );
         name = "stub";
         path = "stub";
         sourceTree = "<group>";
      };
      "OBJ_107" = {
         isa = "PBXFileReference";
         path = "LinkStubs.swift";
         sourceTree = "<group>";
      };
      "OBJ_108" = {
         isa = "PBXGroup";
         children = (
            "OBJ_109"
         );
         name = "NonJSONAPIRelatable";
         path = "NonJSONAPIRelatable";
         sourceTree = "<group>";
      };
      "OBJ_109" = {
         isa = "PBXFileReference";
         path = "NonJSONAPIRelatableTests.swift";
         sourceTree = "<group>";
      };
      "OBJ_11" = {
         isa = "PBXFileReference";
         path = "CompoundResource.swift";
         sourceTree = "<group>";
      };
      "OBJ_110" = {
         isa = "PBXGroup";
         children = (
            "OBJ_111",
            "OBJ_112"
         );
         name = "Poly";
         path = "Poly";
         sourceTree = "<group>";
      };
      "OBJ_111" = {
         isa = "PBXFileReference";
         path = "PolyProxyTests.swift";
         sourceTree = "<group>";
      };
      "OBJ_112" = {
         isa = "PBXGroup";
         children = (
            "OBJ_113"
         );
         name = "stubs";
         path = "stubs";
         sourceTree = "<group>";
      };
      "OBJ_113" = {
         isa = "PBXFileReference";
         path = "PolyStubs.swift";
         sourceTree = "<group>";
      };
      "OBJ_114" = {
         isa = "PBXGroup";
         children = (
            "OBJ_115",
            "OBJ_116"
         );
         name = "Relationships";
         path = "Relationships";
         sourceTree = "<group>";
      };
      "OBJ_115" = {
         isa = "PBXFileReference";
         path = "RelationshipTests.swift";
         sourceTree = "<group>";
      };
      "OBJ_116" = {
         isa = "PBXGroup";
         children = (
            "OBJ_117"
         );
         name = "stubs";
         path = "stubs";
         sourceTree = "<group>";
      };
      "OBJ_117" = {
         isa = "PBXFileReference";
         path = "RelationshipStubs.swift";
         sourceTree = "<group>";
      };
      "OBJ_118" = {
         isa = "PBXGroup";
         children = (
            "OBJ_119",
            "OBJ_120"
         );
         name = "ResourceBody";
         path = "ResourceBody";
         sourceTree = "<group>";
      };
      "OBJ_119" = {
         isa = "PBXFileReference";
         path = "ResourceBodyTests.swift";
         sourceTree = "<group>";
      };
      "OBJ_12" = {
         isa = "PBXFileReference";
         path = "Document.swift";
         sourceTree = "<group>";
      };
      "OBJ_120" = {
         isa = "PBXGroup";
         children = (
            "OBJ_121"
         );
         name = "stubs";
         path = "stubs";
         sourceTree = "<group>";
      };
      "OBJ_121" = {
         isa = "PBXFileReference";
         path = "ResourceBudyStubs.swift";
         sourceTree = "<group>";
      };
      "OBJ_122" = {
         isa = "PBXGroup";
         children = (
            "OBJ_123",
            "OBJ_124",
            "OBJ_125",
            "OBJ_126",
            "OBJ_127"
         );
         name = "ResourceObject";
         path = "ResourceObject";
         sourceTree = "<group>";
      };
      "OBJ_123" = {
         isa = "PBXFileReference";
         path = "ResourceObject+HashableTests.swift";
         sourceTree = "<group>";
      };
      "OBJ_124" = {
         isa = "PBXFileReference";
         path = "ResourceObject+ReplacingTests.swift";
         sourceTree = "<group>";
      };
      "OBJ_125" = {
         isa = "PBXFileReference";
         path = "ResourceObjectDecodingErrorTests.swift";
         sourceTree = "<group>";
      };
      "OBJ_126" = {
         isa = "PBXFileReference";
         path = "ResourceObjectTests.swift";
         sourceTree = "<group>";
      };
      "OBJ_127" = {
         isa = "PBXGroup";
         children = (
            "OBJ_128"
         );
         name = "stubs";
         path = "stubs";
         sourceTree = "<group>";
      };
      "OBJ_128" = {
         isa = "PBXFileReference";
         path = "ResourceObjectStubs.swift";
         sourceTree = "<group>";
      };
      "OBJ_129" = {
         isa = "PBXGroup";
         children = (
            "OBJ_130",
            "OBJ_131"
         );
         name = "SparseFields";
         path = "SparseFields";
         sourceTree = "<group>";
      };
      "OBJ_13" = {
         isa = "PBXFileReference";
         path = "DocumentDecodingError.swift";
         sourceTree = "<group>";
      };
      "OBJ_130" = {
         isa = "PBXFileReference";
         path = "SparseFieldEncoderTests.swift";
         sourceTree = "<group>";
      };
      "OBJ_131" = {
         isa = "PBXFileReference";
         path = "SparseFieldsetTests.swift";
         sourceTree = "<group>";
      };
      "OBJ_132" = {
         isa = "PBXFileReference";
         path = "SwiftIdentifiableTests.swift";
         sourceTree = "<group>";
      };
      "OBJ_133" = {
         isa = "PBXGroup";
         children = (
            "OBJ_134",
            "OBJ_135",
            "OBJ_136",
            "OBJ_137",
            "OBJ_138",
            "OBJ_139"
         );
         name = "Test Helpers";
         path = "Test Helpers";
         sourceTree = "<group>";
      };
      "OBJ_134" = {
         isa = "PBXFileReference";
         path = "EncodeDecode.swift";
         sourceTree = "<group>";
      };
      "OBJ_135" = {
         isa = "PBXFileReference";
         path = "EncodedAttributeTest.swift";
         sourceTree = "<group>";
      };
      "OBJ_136" = {
         isa = "PBXFileReference";
         path = "EncodedEntityPropertyTest.swift";
         sourceTree = "<group>";
      };
      "OBJ_137" = {
         isa = "PBXFileReference";
         path = "EntityTestTypes.swift";
         sourceTree = "<group>";
      };
      "OBJ_138" = {
         isa = "PBXFileReference";
         path = "PrintEncoded.swift";
         sourceTree = "<group>";
      };
      "OBJ_139" = {
         isa = "PBXFileReference";
         path = "String+CreatableRawIdType.swift";
         sourceTree = "<group>";
      };
      "OBJ_14" = {
         isa = "PBXFileReference";
         path = "Includes.swift";
         sourceTree = "<group>";
      };
      "OBJ_140" = {
         isa = "PBXGroup";
         children = (
            "OBJ_141"
         );
         name = "Dependencies";
         path = "";
         sourceTree = "<group>";
      };
      "OBJ_141" = {
         isa = "PBXGroup";
         children = (
            "OBJ_142",
            "OBJ_149"
         );
         name = "Poly 2.5.0";
         path = "";
         sourceTree = "SOURCE_ROOT";
      };
      "OBJ_142" = {
         isa = "PBXGroup";
         children = (
            "OBJ_143",
            "OBJ_144",
            "OBJ_145",
            "OBJ_146",
            "OBJ_147",
            "OBJ_148"
         );
         name = "Poly";
         path = ".build/checkouts/Poly/Sources/Poly";
         sourceTree = "SOURCE_ROOT";
      };
      "OBJ_143" = {
         isa = "PBXFileReference";
         path = "Collection+Poly.swift";
         sourceTree = "<group>";
      };
      "OBJ_144" = {
         isa = "PBXFileReference";
         path = "Poly+AllTypes.swift";
         sourceTree = "<group>";
      };
      "OBJ_145" = {
         isa = "PBXFileReference";
         path = "Poly+Codable.swift";
         sourceTree = "<group>";
      };
      "OBJ_146" = {
         isa = "PBXFileReference";
         path = "Poly+CustomStringConvertible.swift";
         sourceTree = "<group>";
      };
      "OBJ_147" = {
         isa = "PBXFileReference";
         path = "Poly.swift";
         sourceTree = "<group>";
      };
      "OBJ_148" = {
         isa = "PBXFileReference";
         path = "Result+Value.swift";
         sourceTree = "<group>";
      };
      "OBJ_149" = {
         isa = "PBXFileReference";
         explicitFileType = "sourcecode.swift";
         name = "Package.swift";
         path = "/Users/mantovanirian/Workspace/JSONAPI/.build/checkouts/Poly/Package.swift";
         sourceTree = "<group>";
      };
      "OBJ_15" = {
         isa = "PBXFileReference";
         path = "ResourceBody.swift";
         sourceTree = "<group>";
      };
      "OBJ_150" = {
         isa = "PBXGroup";
         children = (
            "JSONAPI::JSONAPI::Product",
            "JSONAPI::JSONAPITestingTests::Product",
            "Poly::Poly::Product",
            "JSONAPI::JSONAPITests::Product",
            "JSONAPI::JSONAPITesting::Product"
         );
         name = "Products";
         path = "";
         sourceTree = "BUILT_PRODUCTS_DIR";
      };
      "OBJ_156" = {
         isa = "PBXFileReference";
         path = "documentation";
         sourceTree = "SOURCE_ROOT";
      };
      "OBJ_157" = {
         isa = "PBXFileReference";
         path = "JSONAPI.podspec";
         sourceTree = "<group>";
      };
      "OBJ_158" = {
         isa = "PBXFileReference";
         path = "README.md";
         sourceTree = "<group>";
      };
      "OBJ_159" = {
         isa = "PBXFileReference";
         path = "CONTRIBUTING.md";
         sourceTree = "<group>";
      };
      "OBJ_16" = {
         isa = "PBXFileReference";
         path = "EmptyObjectDecoder.swift";
         sourceTree = "<group>";
      };
      "OBJ_160" = {
         isa = "PBXFileReference";
         path = "LICENSE.txt";
         sourceTree = "<group>";
      };
      "OBJ_162" = {
         isa = "XCConfigurationList";
         buildConfigurations = (
            "OBJ_163",
            "OBJ_164"
         );
         defaultConfigurationIsVisible = "0";
         defaultConfigurationName = "Release";
      };
      "OBJ_163" = {
         isa = "XCBuildConfiguration";
         buildSettings = {
            ENABLE_TESTABILITY = "YES";
            FRAMEWORK_SEARCH_PATHS = (
               "$(inherited)",
               "$(PLATFORM_DIR)/Developer/Library/Frameworks"
            );
            HEADER_SEARCH_PATHS = (
               "$(inherited)"
            );
            INFOPLIST_FILE = "JSONAPI.xcodeproj/JSONAPI_Info.plist";
            IPHONEOS_DEPLOYMENT_TARGET = "10.0";
            LD_RUNPATH_SEARCH_PATHS = (
               "$(inherited)",
               "$(TOOLCHAIN_DIR)/usr/lib/swift/macosx"
            );
            MACOSX_DEPLOYMENT_TARGET = "10.10";
            OTHER_CFLAGS = (
               "$(inherited)"
            );
            OTHER_LDFLAGS = (
               "$(inherited)"
            );
            OTHER_SWIFT_FLAGS = (
               "$(inherited)"
            );
            PRODUCT_BUNDLE_IDENTIFIER = "JSONAPI";
            PRODUCT_MODULE_NAME = "$(TARGET_NAME:c99extidentifier)";
            PRODUCT_NAME = "$(TARGET_NAME:c99extidentifier)";
            SKIP_INSTALL = "YES";
            SWIFT_ACTIVE_COMPILATION_CONDITIONS = (
               "$(inherited)"
            );
            SWIFT_VERSION = "5.0";
            TARGET_NAME = "JSONAPI";
            TVOS_DEPLOYMENT_TARGET = "9.0";
            WATCHOS_DEPLOYMENT_TARGET = "2.0";
         };
         name = "Debug";
      };
      "OBJ_164" = {
         isa = "XCBuildConfiguration";
         buildSettings = {
            ENABLE_TESTABILITY = "YES";
            FRAMEWORK_SEARCH_PATHS = (
               "$(inherited)",
               "$(PLATFORM_DIR)/Developer/Library/Frameworks"
            );
            HEADER_SEARCH_PATHS = (
               "$(inherited)"
            );
            INFOPLIST_FILE = "JSONAPI.xcodeproj/JSONAPI_Info.plist";
            IPHONEOS_DEPLOYMENT_TARGET = "10.0";
            LD_RUNPATH_SEARCH_PATHS = (
               "$(inherited)",
               "$(TOOLCHAIN_DIR)/usr/lib/swift/macosx"
            );
            MACOSX_DEPLOYMENT_TARGET = "10.10";
            OTHER_CFLAGS = (
               "$(inherited)"
            );
            OTHER_LDFLAGS = (
               "$(inherited)"
            );
            OTHER_SWIFT_FLAGS = (
               "$(inherited)"
            );
            PRODUCT_BUNDLE_IDENTIFIER = "JSONAPI";
            PRODUCT_MODULE_NAME = "$(TARGET_NAME:c99extidentifier)";
            PRODUCT_NAME = "$(TARGET_NAME:c99extidentifier)";
            SKIP_INSTALL = "YES";
            SWIFT_ACTIVE_COMPILATION_CONDITIONS = (
               "$(inherited)"
            );
            SWIFT_VERSION = "5.0";
            TARGET_NAME = "JSONAPI";
            TVOS_DEPLOYMENT_TARGET = "9.0";
            WATCHOS_DEPLOYMENT_TARGET = "2.0";
         };
         name = "Release";
      };
      "OBJ_165" = {
         isa = "PBXSourcesBuildPhase";
         files = (
            "OBJ_166",
            "OBJ_167",
            "OBJ_168",
            "OBJ_169",
            "OBJ_170",
            "OBJ_171",
            "OBJ_172",
            "OBJ_173",
            "OBJ_174",
            "OBJ_175",
            "OBJ_176",
            "OBJ_177",
            "OBJ_178",
            "OBJ_179",
            "OBJ_180",
            "OBJ_181",
            "OBJ_182",
            "OBJ_183",
            "OBJ_184",
            "OBJ_185",
            "OBJ_186",
            "OBJ_187",
            "OBJ_188",
            "OBJ_189"
         );
      };
      "OBJ_166" = {
         isa = "PBXBuildFile";
         fileRef = "OBJ_10";
      };
      "OBJ_167" = {
         isa = "PBXBuildFile";
         fileRef = "OBJ_11";
      };
      "OBJ_168" = {
         isa = "PBXBuildFile";
         fileRef = "OBJ_12";
      };
      "OBJ_169" = {
         isa = "PBXBuildFile";
         fileRef = "OBJ_13";
      };
      "OBJ_17" = {
         isa = "PBXGroup";
         children = (
            "OBJ_18",
            "OBJ_19",
            "OBJ_20"
         );
         name = "Error";
         path = "Error";
         sourceTree = "<group>";
      };
      "OBJ_170" = {
         isa = "PBXBuildFile";
         fileRef = "OBJ_14";
      };
      "OBJ_171" = {
         isa = "PBXBuildFile";
         fileRef = "OBJ_15";
      };
      "OBJ_172" = {
         isa = "PBXBuildFile";
         fileRef = "OBJ_16";
      };
      "OBJ_173" = {
         isa = "PBXBuildFile";
         fileRef = "OBJ_18";
      };
      "OBJ_174" = {
         isa = "PBXBuildFile";
         fileRef = "OBJ_19";
      };
      "OBJ_175" = {
         isa = "PBXBuildFile";
         fileRef = "OBJ_20";
      };
      "OBJ_176" = {
         isa = "PBXBuildFile";
         fileRef = "OBJ_21";
      };
      "OBJ_177" = {
         isa = "PBXBuildFile";
         fileRef = "OBJ_23";
      };
      "OBJ_178" = {
         isa = "PBXBuildFile";
         fileRef = "OBJ_24";
      };
      "OBJ_179" = {
         isa = "PBXBuildFile";
         fileRef = "OBJ_26";
      };
      "OBJ_18" = {
         isa = "PBXFileReference";
         path = "BasicJSONAPIError.swift";
         sourceTree = "<group>";
      };
      "OBJ_180" = {
         isa = "PBXBuildFile";
         fileRef = "OBJ_27";
      };
      "OBJ_181" = {
         isa = "PBXBuildFile";
         fileRef = "OBJ_28";
      };
      "OBJ_182" = {
         isa = "PBXBuildFile";
         fileRef = "OBJ_29";
      };
      "OBJ_183" = {
         isa = "PBXBuildFile";
         fileRef = "OBJ_30";
      };
      "OBJ_184" = {
         isa = "PBXBuildFile";
         fileRef = "OBJ_32";
      };
      "OBJ_185" = {
         isa = "PBXBuildFile";
         fileRef = "OBJ_33";
      };
      "OBJ_186" = {
         isa = "PBXBuildFile";
         fileRef = "OBJ_34";
      };
      "OBJ_187" = {
         isa = "PBXBuildFile";
         fileRef = "OBJ_35";
      };
      "OBJ_188" = {
         isa = "PBXBuildFile";
         fileRef = "OBJ_37";
      };
      "OBJ_189" = {
         isa = "PBXBuildFile";
         fileRef = "OBJ_38";
      };
      "OBJ_19" = {
         isa = "PBXFileReference";
         path = "GenericJSONAPIError.swift";
         sourceTree = "<group>";
      };
      "OBJ_190" = {
         isa = "PBXFrameworksBuildPhase";
         files = (
            "OBJ_191"
         );
      };
      "OBJ_191" = {
         isa = "PBXBuildFile";
         fileRef = "Poly::Poly::Product";
      };
      "OBJ_192" = {
         isa = "PBXTargetDependency";
         target = "Poly::Poly";
      };
      "OBJ_195" = {
         isa = "XCConfigurationList";
         buildConfigurations = (
            "OBJ_196",
            "OBJ_197"
         );
         defaultConfigurationIsVisible = "0";
         defaultConfigurationName = "Release";
      };
      "OBJ_196" = {
         isa = "XCBuildConfiguration";
         buildSettings = {
            LD = "/usr/bin/true";
            OTHER_SWIFT_FLAGS = (
               "-swift-version",
               "5",
               "-I",
               "$(TOOLCHAIN_DIR)/usr/lib/swift/pm/4_2",
               "-target",
               "x86_64-apple-macosx10.10",
               "-sdk",
               "/Applications/Xcode.app/Contents/Developer/Platforms/MacOSX.platform/Developer/SDKs/MacOSX10.15.sdk",
               "-package-description-version",
               "5.2.0"
            );
            SWIFT_VERSION = "5.0";
         };
         name = "Debug";
      };
      "OBJ_197" = {
         isa = "XCBuildConfiguration";
         buildSettings = {
            LD = "/usr/bin/true";
            OTHER_SWIFT_FLAGS = (
               "-swift-version",
               "5",
               "-I",
               "$(TOOLCHAIN_DIR)/usr/lib/swift/pm/4_2",
               "-target",
               "x86_64-apple-macosx10.10",
               "-sdk",
               "/Applications/Xcode.app/Contents/Developer/Platforms/MacOSX.platform/Developer/SDKs/MacOSX10.15.sdk",
               "-package-description-version",
               "5.2.0"
            );
            SWIFT_VERSION = "5.0";
         };
         name = "Release";
      };
      "OBJ_198" = {
         isa = "PBXSourcesBuildPhase";
         files = (
            "OBJ_199"
         );
      };
      "OBJ_199" = {
         isa = "PBXBuildFile";
         fileRef = "OBJ_6";
      };
      "OBJ_2" = {
         isa = "XCConfigurationList";
         buildConfigurations = (
            "OBJ_3",
            "OBJ_4"
         );
         defaultConfigurationIsVisible = "0";
         defaultConfigurationName = "Release";
      };
      "OBJ_20" = {
         isa = "PBXFileReference";
         path = "JSONAPIError.swift";
         sourceTree = "<group>";
      };
      "OBJ_201" = {
         isa = "XCConfigurationList";
         buildConfigurations = (
            "OBJ_202",
            "OBJ_203"
         );
         defaultConfigurationIsVisible = "0";
         defaultConfigurationName = "Release";
      };
      "OBJ_202" = {
         isa = "XCBuildConfiguration";
         buildSettings = {
         };
         name = "Debug";
      };
      "OBJ_203" = {
         isa = "XCBuildConfiguration";
         buildSettings = {
         };
         name = "Release";
      };
      "OBJ_204" = {
         isa = "PBXTargetDependency";
         target = "JSONAPI::JSONAPITests";
      };
      "OBJ_206" = {
         isa = "PBXTargetDependency";
         target = "JSONAPI::JSONAPITestingTests";
      };
      "OBJ_209" = {
         isa = "XCConfigurationList";
         buildConfigurations = (
            "OBJ_210",
            "OBJ_211"
         );
         defaultConfigurationIsVisible = "0";
         defaultConfigurationName = "Release";
      };
      "OBJ_21" = {
         isa = "PBXFileReference";
         path = "JSONAPICodingError.swift";
         sourceTree = "<group>";
      };
      "OBJ_210" = {
         isa = "XCBuildConfiguration";
         buildSettings = {
            ENABLE_TESTABILITY = "YES";
            FRAMEWORK_SEARCH_PATHS = (
               "$(inherited)",
               "$(PLATFORM_DIR)/Developer/Library/Frameworks"
            );
            HEADER_SEARCH_PATHS = (
               "$(inherited)"
            );
            INFOPLIST_FILE = "JSONAPI.xcodeproj/JSONAPITesting_Info.plist";
            IPHONEOS_DEPLOYMENT_TARGET = "10.0";
            LD_RUNPATH_SEARCH_PATHS = (
               "$(inherited)",
               "$(TOOLCHAIN_DIR)/usr/lib/swift/macosx"
            );
            MACOSX_DEPLOYMENT_TARGET = "10.10";
            OTHER_CFLAGS = (
               "$(inherited)"
            );
            OTHER_LDFLAGS = (
               "$(inherited)"
            );
            OTHER_SWIFT_FLAGS = (
               "$(inherited)"
            );
            PRODUCT_BUNDLE_IDENTIFIER = "JSONAPITesting";
            PRODUCT_MODULE_NAME = "$(TARGET_NAME:c99extidentifier)";
            PRODUCT_NAME = "$(TARGET_NAME:c99extidentifier)";
            SKIP_INSTALL = "YES";
            SWIFT_ACTIVE_COMPILATION_CONDITIONS = (
               "$(inherited)"
            );
            SWIFT_VERSION = "5.0";
            TARGET_NAME = "JSONAPITesting";
            TVOS_DEPLOYMENT_TARGET = "9.0";
            WATCHOS_DEPLOYMENT_TARGET = "2.0";
         };
         name = "Debug";
      };
      "OBJ_211" = {
         isa = "XCBuildConfiguration";
         buildSettings = {
            ENABLE_TESTABILITY = "YES";
            FRAMEWORK_SEARCH_PATHS = (
               "$(inherited)",
               "$(PLATFORM_DIR)/Developer/Library/Frameworks"
            );
            HEADER_SEARCH_PATHS = (
               "$(inherited)"
            );
            INFOPLIST_FILE = "JSONAPI.xcodeproj/JSONAPITesting_Info.plist";
            IPHONEOS_DEPLOYMENT_TARGET = "10.0";
            LD_RUNPATH_SEARCH_PATHS = (
               "$(inherited)",
               "$(TOOLCHAIN_DIR)/usr/lib/swift/macosx"
            );
            MACOSX_DEPLOYMENT_TARGET = "10.10";
            OTHER_CFLAGS = (
               "$(inherited)"
            );
            OTHER_LDFLAGS = (
               "$(inherited)"
            );
            OTHER_SWIFT_FLAGS = (
               "$(inherited)"
            );
            PRODUCT_BUNDLE_IDENTIFIER = "JSONAPITesting";
            PRODUCT_MODULE_NAME = "$(TARGET_NAME:c99extidentifier)";
            PRODUCT_NAME = "$(TARGET_NAME:c99extidentifier)";
            SKIP_INSTALL = "YES";
            SWIFT_ACTIVE_COMPILATION_CONDITIONS = (
               "$(inherited)"
            );
            SWIFT_VERSION = "5.0";
            TARGET_NAME = "JSONAPITesting";
            TVOS_DEPLOYMENT_TARGET = "9.0";
            WATCHOS_DEPLOYMENT_TARGET = "2.0";
         };
         name = "Release";
      };
      "OBJ_212" = {
         isa = "PBXSourcesBuildPhase";
         files = (
            "OBJ_213",
            "OBJ_214",
            "OBJ_215",
            "OBJ_216",
            "OBJ_217",
            "OBJ_218",
            "OBJ_219",
            "OBJ_220",
            "OBJ_221",
            "OBJ_222",
            "OBJ_223",
            "OBJ_224",
            "OBJ_225",
            "OBJ_226",
            "OBJ_227"
         );
      };
      "OBJ_213" = {
         isa = "PBXBuildFile";
         fileRef = "OBJ_40";
      };
      "OBJ_214" = {
         isa = "PBXBuildFile";
         fileRef = "OBJ_42";
      };
      "OBJ_215" = {
         isa = "PBXBuildFile";
         fileRef = "OBJ_43";
      };
      "OBJ_216" = {
         isa = "PBXBuildFile";
         fileRef = "OBJ_44";
      };
      "OBJ_217" = {
         isa = "PBXBuildFile";
         fileRef = "OBJ_45";
      };
      "OBJ_218" = {
         isa = "PBXBuildFile";
         fileRef = "OBJ_46";
      };
      "OBJ_219" = {
         isa = "PBXBuildFile";
         fileRef = "OBJ_47";
      };
      "OBJ_22" = {
         isa = "PBXGroup";
         children = (
            "OBJ_23",
            "OBJ_24"
         );
         name = "Meta";
         path = "Meta";
         sourceTree = "<group>";
      };
      "OBJ_220" = {
         isa = "PBXBuildFile";
         fileRef = "OBJ_48";
      };
      "OBJ_221" = {
         isa = "PBXBuildFile";
         fileRef = "OBJ_49";
      };
      "OBJ_222" = {
         isa = "PBXBuildFile";
         fileRef = "OBJ_50";
      };
      "OBJ_223" = {
         isa = "PBXBuildFile";
         fileRef = "OBJ_51";
      };
      "OBJ_224" = {
         isa = "PBXBuildFile";
         fileRef = "OBJ_52";
      };
      "OBJ_225" = {
         isa = "PBXBuildFile";
         fileRef = "OBJ_53";
      };
      "OBJ_226" = {
         isa = "PBXBuildFile";
         fileRef = "OBJ_54";
      };
      "OBJ_227" = {
         isa = "PBXBuildFile";
         fileRef = "OBJ_55";
      };
      "OBJ_228" = {
         isa = "PBXFrameworksBuildPhase";
         files = (
            "OBJ_229",
            "OBJ_230"
         );
      };
      "OBJ_229" = {
         isa = "PBXBuildFile";
         fileRef = "JSONAPI::JSONAPI::Product";
      };
      "OBJ_23" = {
         isa = "PBXFileReference";
         path = "Links.swift";
         sourceTree = "<group>";
      };
      "OBJ_230" = {
         isa = "PBXBuildFile";
         fileRef = "Poly::Poly::Product";
      };
      "OBJ_231" = {
         isa = "PBXTargetDependency";
         target = "JSONAPI::JSONAPI";
      };
      "OBJ_232" = {
         isa = "PBXTargetDependency";
         target = "Poly::Poly";
      };
      "OBJ_233" = {
         isa = "XCConfigurationList";
         buildConfigurations = (
            "OBJ_234",
            "OBJ_235"
         );
         defaultConfigurationIsVisible = "0";
         defaultConfigurationName = "Release";
      };
      "OBJ_234" = {
         isa = "XCBuildConfiguration";
         buildSettings = {
            CLANG_ENABLE_MODULES = "YES";
            EMBEDDED_CONTENT_CONTAINS_SWIFT = "YES";
            FRAMEWORK_SEARCH_PATHS = (
               "$(inherited)",
               "$(PLATFORM_DIR)/Developer/Library/Frameworks"
            );
            HEADER_SEARCH_PATHS = (
               "$(inherited)"
            );
            INFOPLIST_FILE = "JSONAPI.xcodeproj/JSONAPITestingTests_Info.plist";
            IPHONEOS_DEPLOYMENT_TARGET = "10.0";
            LD_RUNPATH_SEARCH_PATHS = (
               "$(inherited)",
               "@loader_path/../Frameworks",
               "@loader_path/Frameworks"
            );
            MACOSX_DEPLOYMENT_TARGET = "10.10";
            OTHER_CFLAGS = (
               "$(inherited)"
            );
            OTHER_LDFLAGS = (
               "$(inherited)"
            );
            OTHER_SWIFT_FLAGS = (
               "$(inherited)"
            );
            SWIFT_ACTIVE_COMPILATION_CONDITIONS = (
               "$(inherited)"
            );
            SWIFT_VERSION = "5.0";
            TARGET_NAME = "JSONAPITestingTests";
            TVOS_DEPLOYMENT_TARGET = "9.0";
            WATCHOS_DEPLOYMENT_TARGET = "2.0";
         };
         name = "Debug";
      };
      "OBJ_235" = {
         isa = "XCBuildConfiguration";
         buildSettings = {
            CLANG_ENABLE_MODULES = "YES";
            EMBEDDED_CONTENT_CONTAINS_SWIFT = "YES";
            FRAMEWORK_SEARCH_PATHS = (
               "$(inherited)",
               "$(PLATFORM_DIR)/Developer/Library/Frameworks"
            );
            HEADER_SEARCH_PATHS = (
               "$(inherited)"
            );
            INFOPLIST_FILE = "JSONAPI.xcodeproj/JSONAPITestingTests_Info.plist";
            IPHONEOS_DEPLOYMENT_TARGET = "10.0";
            LD_RUNPATH_SEARCH_PATHS = (
               "$(inherited)",
               "@loader_path/../Frameworks",
               "@loader_path/Frameworks"
            );
            MACOSX_DEPLOYMENT_TARGET = "10.10";
            OTHER_CFLAGS = (
               "$(inherited)"
            );
            OTHER_LDFLAGS = (
               "$(inherited)"
            );
            OTHER_SWIFT_FLAGS = (
               "$(inherited)"
            );
            SWIFT_ACTIVE_COMPILATION_CONDITIONS = (
               "$(inherited)"
            );
            SWIFT_VERSION = "5.0";
            TARGET_NAME = "JSONAPITestingTests";
            TVOS_DEPLOYMENT_TARGET = "9.0";
            WATCHOS_DEPLOYMENT_TARGET = "2.0";
         };
         name = "Release";
      };
      "OBJ_236" = {
         isa = "PBXSourcesBuildPhase";
         files = (
            "OBJ_237",
            "OBJ_238",
            "OBJ_239",
            "OBJ_240",
            "OBJ_241",
            "OBJ_242",
            "OBJ_243",
            "OBJ_244",
            "OBJ_245",
            "OBJ_246",
            "OBJ_247",
            "OBJ_248"
         );
      };
      "OBJ_237" = {
         isa = "PBXBuildFile";
         fileRef = "OBJ_58";
      };
      "OBJ_238" = {
         isa = "PBXBuildFile";
         fileRef = "OBJ_60";
      };
      "OBJ_239" = {
         isa = "PBXBuildFile";
         fileRef = "OBJ_61";
      };
      "OBJ_24" = {
         isa = "PBXFileReference";
         path = "Meta.swift";
         sourceTree = "<group>";
      };
      "OBJ_240" = {
         isa = "PBXBuildFile";
         fileRef = "OBJ_62";
      };
      "OBJ_241" = {
         isa = "PBXBuildFile";
         fileRef = "OBJ_63";
      };
      "OBJ_242" = {
         isa = "PBXBuildFile";
         fileRef = "OBJ_64";
      };
      "OBJ_243" = {
         isa = "PBXBuildFile";
         fileRef = "OBJ_65";
      };
      "OBJ_244" = {
         isa = "PBXBuildFile";
         fileRef = "OBJ_66";
      };
      "OBJ_245" = {
         isa = "PBXBuildFile";
         fileRef = "OBJ_67";
      };
      "OBJ_246" = {
         isa = "PBXBuildFile";
         fileRef = "OBJ_68";
      };
      "OBJ_247" = {
         isa = "PBXBuildFile";
         fileRef = "OBJ_70";
      };
      "OBJ_248" = {
         isa = "PBXBuildFile";
         fileRef = "OBJ_71";
      };
      "OBJ_249" = {
         isa = "PBXFrameworksBuildPhase";
         files = (
            "OBJ_250",
            "OBJ_251",
            "OBJ_252"
         );
      };
      "OBJ_25" = {
         isa = "PBXGroup";
         children = (
            "OBJ_26",
            "OBJ_27",
            "OBJ_28",
            "OBJ_29",
            "OBJ_30",
            "OBJ_31",
            "OBJ_35"
         );
         name = "Resource";
         path = "Resource";
         sourceTree = "<group>";
      };
      "OBJ_250" = {
         isa = "PBXBuildFile";
         fileRef = "JSONAPI::JSONAPITesting::Product";
      };
      "OBJ_251" = {
         isa = "PBXBuildFile";
         fileRef = "JSONAPI::JSONAPI::Product";
      };
      "OBJ_252" = {
         isa = "PBXBuildFile";
         fileRef = "Poly::Poly::Product";
      };
      "OBJ_253" = {
         isa = "PBXTargetDependency";
         target = "JSONAPI::JSONAPITesting";
      };
      "OBJ_254" = {
         isa = "PBXTargetDependency";
         target = "JSONAPI::JSONAPI";
      };
      "OBJ_255" = {
         isa = "PBXTargetDependency";
         target = "Poly::Poly";
      };
      "OBJ_256" = {
         isa = "XCConfigurationList";
         buildConfigurations = (
            "OBJ_257",
            "OBJ_258"
         );
         defaultConfigurationIsVisible = "0";
         defaultConfigurationName = "Release";
      };
      "OBJ_257" = {
         isa = "XCBuildConfiguration";
         buildSettings = {
            CLANG_ENABLE_MODULES = "YES";
            EMBEDDED_CONTENT_CONTAINS_SWIFT = "YES";
            FRAMEWORK_SEARCH_PATHS = (
               "$(inherited)",
               "$(PLATFORM_DIR)/Developer/Library/Frameworks"
            );
            HEADER_SEARCH_PATHS = (
               "$(inherited)"
            );
            INFOPLIST_FILE = "JSONAPI.xcodeproj/JSONAPITests_Info.plist";
            IPHONEOS_DEPLOYMENT_TARGET = "10.0";
            LD_RUNPATH_SEARCH_PATHS = (
               "$(inherited)",
               "@loader_path/../Frameworks",
               "@loader_path/Frameworks"
            );
            MACOSX_DEPLOYMENT_TARGET = "10.10";
            OTHER_CFLAGS = (
               "$(inherited)"
            );
            OTHER_LDFLAGS = (
               "$(inherited)"
            );
            OTHER_SWIFT_FLAGS = (
               "$(inherited)"
            );
            SWIFT_ACTIVE_COMPILATION_CONDITIONS = (
               "$(inherited)"
            );
            SWIFT_VERSION = "5.0";
            TARGET_NAME = "JSONAPITests";
            TVOS_DEPLOYMENT_TARGET = "9.0";
            WATCHOS_DEPLOYMENT_TARGET = "2.0";
         };
         name = "Debug";
      };
      "OBJ_258" = {
         isa = "XCBuildConfiguration";
         buildSettings = {
            CLANG_ENABLE_MODULES = "YES";
            EMBEDDED_CONTENT_CONTAINS_SWIFT = "YES";
            FRAMEWORK_SEARCH_PATHS = (
               "$(inherited)",
               "$(PLATFORM_DIR)/Developer/Library/Frameworks"
            );
            HEADER_SEARCH_PATHS = (
               "$(inherited)"
            );
            INFOPLIST_FILE = "JSONAPI.xcodeproj/JSONAPITests_Info.plist";
            IPHONEOS_DEPLOYMENT_TARGET = "10.0";
            LD_RUNPATH_SEARCH_PATHS = (
               "$(inherited)",
               "@loader_path/../Frameworks",
               "@loader_path/Frameworks"
            );
            MACOSX_DEPLOYMENT_TARGET = "10.10";
            OTHER_CFLAGS = (
               "$(inherited)"
            );
            OTHER_LDFLAGS = (
               "$(inherited)"
            );
            OTHER_SWIFT_FLAGS = (
               "$(inherited)"
            );
            SWIFT_ACTIVE_COMPILATION_CONDITIONS = (
               "$(inherited)"
            );
            SWIFT_VERSION = "5.0";
            TARGET_NAME = "JSONAPITests";
            TVOS_DEPLOYMENT_TARGET = "9.0";
            WATCHOS_DEPLOYMENT_TARGET = "2.0";
         };
         name = "Release";
      };
      "OBJ_259" = {
         isa = "PBXSourcesBuildPhase";
         files = (
            "OBJ_260",
            "OBJ_261",
            "OBJ_262",
            "OBJ_263",
            "OBJ_264",
            "OBJ_265",
            "OBJ_266",
            "OBJ_267",
            "OBJ_268",
            "OBJ_269",
            "OBJ_270",
            "OBJ_271",
            "OBJ_272",
            "OBJ_273",
            "OBJ_274",
            "OBJ_275",
            "OBJ_276",
            "OBJ_277",
            "OBJ_278",
            "OBJ_279",
            "OBJ_280",
            "OBJ_281",
            "OBJ_282",
            "OBJ_283",
            "OBJ_284",
            "OBJ_285",
            "OBJ_286",
            "OBJ_287",
            "OBJ_288",
            "OBJ_289",
            "OBJ_290",
            "OBJ_291",
            "OBJ_292",
            "OBJ_293",
            "OBJ_294",
            "OBJ_295",
            "OBJ_296",
            "OBJ_297",
            "OBJ_298",
            "OBJ_299",
            "OBJ_300",
            "OBJ_301"
         );
      };
      "OBJ_26" = {
         isa = "PBXFileReference";
         path = "Attribute+Functor.swift";
         sourceTree = "<group>";
      };
      "OBJ_260" = {
         isa = "PBXBuildFile";
         fileRef = "OBJ_74";
      };
      "OBJ_261" = {
         isa = "PBXBuildFile";
         fileRef = "OBJ_76";
      };
      "OBJ_262" = {
         isa = "PBXBuildFile";
         fileRef = "OBJ_78";
      };
      "OBJ_263" = {
         isa = "PBXBuildFile";
         fileRef = "OBJ_79";
      };
      "OBJ_264" = {
         isa = "PBXBuildFile";
         fileRef = "OBJ_80";
      };
      "OBJ_265" = {
         isa = "PBXBuildFile";
         fileRef = "OBJ_82";
      };
      "OBJ_266" = {
         isa = "PBXBuildFile";
         fileRef = "OBJ_84";
      };
      "OBJ_267" = {
         isa = "PBXBuildFile";
         fileRef = "OBJ_86";
      };
      "OBJ_268" = {
         isa = "PBXBuildFile";
         fileRef = "OBJ_88";
      };
      "OBJ_269" = {
         isa = "PBXBuildFile";
         fileRef = "OBJ_89";
      };
      "OBJ_27" = {
         isa = "PBXFileReference";
         path = "Attribute.swift";
         sourceTree = "<group>";
      };
      "OBJ_270" = {
         isa = "PBXBuildFile";
         fileRef = "OBJ_90";
      };
      "OBJ_271" = {
         isa = "PBXBuildFile";
         fileRef = "OBJ_91";
      };
      "OBJ_272" = {
         isa = "PBXBuildFile";
         fileRef = "OBJ_93";
      };
      "OBJ_273" = {
         isa = "PBXBuildFile";
         fileRef = "OBJ_95";
      };
      "OBJ_274" = {
         isa = "PBXBuildFile";
         fileRef = "OBJ_97";
      };
      "OBJ_275" = {
         isa = "PBXBuildFile";
         fileRef = "OBJ_98";
      };
      "OBJ_276" = {
         isa = "PBXBuildFile";
         fileRef = "OBJ_100";
      };
      "OBJ_277" = {
         isa = "PBXBuildFile";
         fileRef = "OBJ_101";
      };
      "OBJ_278" = {
         isa = "PBXBuildFile";
         fileRef = "OBJ_103";
      };
      "OBJ_279" = {
         isa = "PBXBuildFile";
         fileRef = "OBJ_105";
      };
      "OBJ_28" = {
         isa = "PBXFileReference";
         path = "Id.swift";
         sourceTree = "<group>";
      };
      "OBJ_280" = {
         isa = "PBXBuildFile";
         fileRef = "OBJ_107";
      };
      "OBJ_281" = {
         isa = "PBXBuildFile";
         fileRef = "OBJ_109";
      };
      "OBJ_282" = {
         isa = "PBXBuildFile";
         fileRef = "OBJ_111";
      };
      "OBJ_283" = {
         isa = "PBXBuildFile";
         fileRef = "OBJ_113";
      };
      "OBJ_284" = {
         isa = "PBXBuildFile";
         fileRef = "OBJ_115";
      };
      "OBJ_285" = {
         isa = "PBXBuildFile";
         fileRef = "OBJ_117";
      };
      "OBJ_286" = {
         isa = "PBXBuildFile";
         fileRef = "OBJ_119";
      };
      "OBJ_287" = {
         isa = "PBXBuildFile";
         fileRef = "OBJ_121";
      };
      "OBJ_288" = {
         isa = "PBXBuildFile";
         fileRef = "OBJ_123";
      };
      "OBJ_289" = {
         isa = "PBXBuildFile";
         fileRef = "OBJ_124";
      };
      "OBJ_29" = {
         isa = "PBXFileReference";
         path = "Poly+PrimaryResource.swift";
         sourceTree = "<group>";
      };
      "OBJ_290" = {
         isa = "PBXBuildFile";
         fileRef = "OBJ_125";
      };
      "OBJ_291" = {
         isa = "PBXBuildFile";
         fileRef = "OBJ_126";
      };
      "OBJ_292" = {
         isa = "PBXBuildFile";
         fileRef = "OBJ_128";
      };
      "OBJ_293" = {
         isa = "PBXBuildFile";
         fileRef = "OBJ_130";
      };
      "OBJ_294" = {
         isa = "PBXBuildFile";
         fileRef = "OBJ_131";
      };
      "OBJ_295" = {
         isa = "PBXBuildFile";
         fileRef = "OBJ_132";
      };
      "OBJ_296" = {
         isa = "PBXBuildFile";
         fileRef = "OBJ_134";
      };
      "OBJ_297" = {
         isa = "PBXBuildFile";
         fileRef = "OBJ_135";
      };
      "OBJ_298" = {
         isa = "PBXBuildFile";
         fileRef = "OBJ_136";
      };
      "OBJ_299" = {
         isa = "PBXBuildFile";
         fileRef = "OBJ_137";
      };
      "OBJ_3" = {
         isa = "XCBuildConfiguration";
         buildSettings = {
            CLANG_ENABLE_OBJC_ARC = "YES";
            COMBINE_HIDPI_IMAGES = "YES";
            COPY_PHASE_STRIP = "NO";
            DEBUG_INFORMATION_FORMAT = "dwarf";
            DYLIB_INSTALL_NAME_BASE = "@rpath";
            ENABLE_NS_ASSERTIONS = "YES";
            GCC_OPTIMIZATION_LEVEL = "0";
            GCC_PREPROCESSOR_DEFINITIONS = (
               "$(inherited)",
               "SWIFT_PACKAGE=1",
               "DEBUG=1"
            );
            MACOSX_DEPLOYMENT_TARGET = "10.10";
            ONLY_ACTIVE_ARCH = "YES";
            OTHER_SWIFT_FLAGS = (
               "$(inherited)",
               "-DXcode"
            );
            PRODUCT_NAME = "$(TARGET_NAME)";
            SDKROOT = "macosx";
            SUPPORTED_PLATFORMS = (
               "macosx",
               "iphoneos",
               "iphonesimulator",
               "appletvos",
               "appletvsimulator",
               "watchos",
               "watchsimulator"
            );
            SWIFT_ACTIVE_COMPILATION_CONDITIONS = (
               "$(inherited)",
               "SWIFT_PACKAGE",
               "DEBUG"
            );
            SWIFT_OPTIMIZATION_LEVEL = "-Onone";
            USE_HEADERMAP = "NO";
         };
         name = "Debug";
      };
      "OBJ_30" = {
         isa = "PBXFileReference";
         path = "Relationship.swift";
         sourceTree = "<group>";
      };
      "OBJ_300" = {
         isa = "PBXBuildFile";
         fileRef = "OBJ_138";
      };
      "OBJ_301" = {
         isa = "PBXBuildFile";
         fileRef = "OBJ_139";
      };
      "OBJ_302" = {
         isa = "PBXFrameworksBuildPhase";
         files = (
            "OBJ_303",
            "OBJ_304",
            "OBJ_305"
         );
      };
      "OBJ_303" = {
         isa = "PBXBuildFile";
         fileRef = "JSONAPI::JSONAPITesting::Product";
      };
      "OBJ_304" = {
         isa = "PBXBuildFile";
         fileRef = "JSONAPI::JSONAPI::Product";
      };
      "OBJ_305" = {
         isa = "PBXBuildFile";
         fileRef = "Poly::Poly::Product";
      };
      "OBJ_306" = {
         isa = "PBXTargetDependency";
         target = "JSONAPI::JSONAPITesting";
      };
      "OBJ_307" = {
         isa = "PBXTargetDependency";
         target = "JSONAPI::JSONAPI";
      };
      "OBJ_308" = {
         isa = "PBXTargetDependency";
         target = "Poly::Poly";
      };
      "OBJ_309" = {
         isa = "XCConfigurationList";
         buildConfigurations = (
            "OBJ_310",
            "OBJ_311"
         );
         defaultConfigurationIsVisible = "0";
         defaultConfigurationName = "Release";
      };
      "OBJ_31" = {
         isa = "PBXGroup";
         children = (
            "OBJ_32",
            "OBJ_33",
            "OBJ_34"
         );
         name = "Resource Object";
         path = "Resource Object";
         sourceTree = "<group>";
      };
      "OBJ_310" = {
         isa = "XCBuildConfiguration";
         buildSettings = {
            ENABLE_TESTABILITY = "YES";
            FRAMEWORK_SEARCH_PATHS = (
               "$(inherited)",
               "$(PLATFORM_DIR)/Developer/Library/Frameworks"
            );
            HEADER_SEARCH_PATHS = (
               "$(inherited)"
            );
            INFOPLIST_FILE = "JSONAPI.xcodeproj/Poly_Info.plist";
            IPHONEOS_DEPLOYMENT_TARGET = "8.0";
            LD_RUNPATH_SEARCH_PATHS = (
               "$(inherited)",
               "$(TOOLCHAIN_DIR)/usr/lib/swift/macosx"
            );
            MACOSX_DEPLOYMENT_TARGET = "10.10";
            OTHER_CFLAGS = (
               "$(inherited)"
            );
            OTHER_LDFLAGS = (
               "$(inherited)"
            );
            OTHER_SWIFT_FLAGS = (
               "$(inherited)"
            );
            PRODUCT_BUNDLE_IDENTIFIER = "Poly";
            PRODUCT_MODULE_NAME = "$(TARGET_NAME:c99extidentifier)";
            PRODUCT_NAME = "$(TARGET_NAME:c99extidentifier)";
            SKIP_INSTALL = "YES";
            SWIFT_ACTIVE_COMPILATION_CONDITIONS = (
               "$(inherited)"
            );
            SWIFT_VERSION = "5.0";
            TARGET_NAME = "Poly";
            TVOS_DEPLOYMENT_TARGET = "9.0";
            WATCHOS_DEPLOYMENT_TARGET = "2.0";
         };
         name = "Debug";
      };
      "OBJ_311" = {
         isa = "XCBuildConfiguration";
         buildSettings = {
            ENABLE_TESTABILITY = "YES";
            FRAMEWORK_SEARCH_PATHS = (
               "$(inherited)",
               "$(PLATFORM_DIR)/Developer/Library/Frameworks"
            );
            HEADER_SEARCH_PATHS = (
               "$(inherited)"
            );
            INFOPLIST_FILE = "JSONAPI.xcodeproj/Poly_Info.plist";
            IPHONEOS_DEPLOYMENT_TARGET = "8.0";
            LD_RUNPATH_SEARCH_PATHS = (
               "$(inherited)",
               "$(TOOLCHAIN_DIR)/usr/lib/swift/macosx"
            );
            MACOSX_DEPLOYMENT_TARGET = "10.10";
            OTHER_CFLAGS = (
               "$(inherited)"
            );
            OTHER_LDFLAGS = (
               "$(inherited)"
            );
            OTHER_SWIFT_FLAGS = (
               "$(inherited)"
            );
            PRODUCT_BUNDLE_IDENTIFIER = "Poly";
            PRODUCT_MODULE_NAME = "$(TARGET_NAME:c99extidentifier)";
            PRODUCT_NAME = "$(TARGET_NAME:c99extidentifier)";
            SKIP_INSTALL = "YES";
            SWIFT_ACTIVE_COMPILATION_CONDITIONS = (
               "$(inherited)"
            );
            SWIFT_VERSION = "5.0";
            TARGET_NAME = "Poly";
            TVOS_DEPLOYMENT_TARGET = "9.0";
            WATCHOS_DEPLOYMENT_TARGET = "2.0";
         };
         name = "Release";
      };
      "OBJ_312" = {
         isa = "PBXSourcesBuildPhase";
         files = (
            "OBJ_313",
            "OBJ_314",
            "OBJ_315",
            "OBJ_316",
            "OBJ_317",
            "OBJ_318"
         );
      };
      "OBJ_313" = {
         isa = "PBXBuildFile";
         fileRef = "OBJ_143";
      };
      "OBJ_314" = {
         isa = "PBXBuildFile";
         fileRef = "OBJ_144";
      };
      "OBJ_315" = {
         isa = "PBXBuildFile";
         fileRef = "OBJ_145";
      };
      "OBJ_316" = {
         isa = "PBXBuildFile";
         fileRef = "OBJ_146";
      };
      "OBJ_317" = {
         isa = "PBXBuildFile";
         fileRef = "OBJ_147";
      };
      "OBJ_318" = {
         isa = "PBXBuildFile";
         fileRef = "OBJ_148";
      };
      "OBJ_319" = {
         isa = "PBXFrameworksBuildPhase";
         files = (
         );
      };
      "OBJ_32" = {
         isa = "PBXFileReference";
         path = "ResourceObject+Replacing.swift";
         sourceTree = "<group>";
      };
      "OBJ_321" = {
         isa = "XCConfigurationList";
         buildConfigurations = (
            "OBJ_322",
            "OBJ_323"
         );
         defaultConfigurationIsVisible = "0";
         defaultConfigurationName = "Release";
      };
      "OBJ_322" = {
         isa = "XCBuildConfiguration";
         buildSettings = {
            LD = "/usr/bin/true";
            OTHER_SWIFT_FLAGS = (
               "-swift-version",
               "5",
               "-I",
               "$(TOOLCHAIN_DIR)/usr/lib/swift/pm/4_2",
               "-target",
               "x86_64-apple-macosx10.10",
               "-sdk",
               "/Applications/Xcode.app/Contents/Developer/Platforms/MacOSX.platform/Developer/SDKs/MacOSX10.15.sdk",
               "-package-description-version",
               "5.0.0"
            );
            SWIFT_VERSION = "5.0";
         };
         name = "Debug";
      };
      "OBJ_323" = {
         isa = "XCBuildConfiguration";
         buildSettings = {
            LD = "/usr/bin/true";
            OTHER_SWIFT_FLAGS = (
               "-swift-version",
               "5",
               "-I",
               "$(TOOLCHAIN_DIR)/usr/lib/swift/pm/4_2",
               "-target",
               "x86_64-apple-macosx10.10",
               "-sdk",
               "/Applications/Xcode.app/Contents/Developer/Platforms/MacOSX.platform/Developer/SDKs/MacOSX10.15.sdk",
               "-package-description-version",
               "5.0.0"
            );
            SWIFT_VERSION = "5.0";
         };
         name = "Release";
      };
      "OBJ_324" = {
         isa = "PBXSourcesBuildPhase";
         files = (
            "OBJ_325"
         );
      };
      "OBJ_325" = {
         isa = "PBXBuildFile";
         fileRef = "OBJ_149";
      };
      "OBJ_33" = {
         isa = "PBXFileReference";
         path = "ResourceObject.swift";
         sourceTree = "<group>";
      };
      "OBJ_34" = {
         isa = "PBXFileReference";
         path = "ResourceObjectDecodingError.swift";
         sourceTree = "<group>";
      };
      "OBJ_35" = {
         isa = "PBXFileReference";
         path = "Transformer.swift";
         sourceTree = "<group>";
      };
      "OBJ_36" = {
         isa = "PBXGroup";
         children = (
            "OBJ_37",
            "OBJ_38"
         );
         name = "SparseFields";
         path = "SparseFields";
         sourceTree = "<group>";
      };
      "OBJ_37" = {
         isa = "PBXFileReference";
         path = "SparseFieldEncoder.swift";
         sourceTree = "<group>";
      };
      "OBJ_38" = {
         isa = "PBXFileReference";
         path = "SparseFieldset.swift";
         sourceTree = "<group>";
      };
      "OBJ_39" = {
         isa = "PBXGroup";
         children = (
            "OBJ_40",
            "OBJ_41",
            "OBJ_51",
            "OBJ_52",
            "OBJ_53",
            "OBJ_54",
            "OBJ_55"
         );
         name = "JSONAPITesting";
         path = "Sources/JSONAPITesting";
         sourceTree = "SOURCE_ROOT";
      };
      "OBJ_4" = {
         isa = "XCBuildConfiguration";
         buildSettings = {
            CLANG_ENABLE_OBJC_ARC = "YES";
            COMBINE_HIDPI_IMAGES = "YES";
            COPY_PHASE_STRIP = "YES";
            DEBUG_INFORMATION_FORMAT = "dwarf-with-dsym";
            DYLIB_INSTALL_NAME_BASE = "@rpath";
            GCC_OPTIMIZATION_LEVEL = "s";
            GCC_PREPROCESSOR_DEFINITIONS = (
               "$(inherited)",
               "SWIFT_PACKAGE=1"
            );
            MACOSX_DEPLOYMENT_TARGET = "10.10";
            OTHER_SWIFT_FLAGS = (
               "$(inherited)",
               "-DXcode"
            );
            PRODUCT_NAME = "$(TARGET_NAME)";
            SDKROOT = "macosx";
            SUPPORTED_PLATFORMS = (
               "macosx",
               "iphoneos",
               "iphonesimulator",
               "appletvos",
               "appletvsimulator",
               "watchos",
               "watchsimulator"
            );
            SWIFT_ACTIVE_COMPILATION_CONDITIONS = (
               "$(inherited)",
               "SWIFT_PACKAGE"
            );
            SWIFT_OPTIMIZATION_LEVEL = "-Owholemodule";
            USE_HEADERMAP = "NO";
         };
         name = "Release";
      };
      "OBJ_40" = {
         isa = "PBXFileReference";
         path = "Attribute+Literal.swift";
         sourceTree = "<group>";
      };
      "OBJ_41" = {
         isa = "PBXGroup";
         children = (
            "OBJ_42",
            "OBJ_43",
            "OBJ_44",
            "OBJ_45",
            "OBJ_46",
            "OBJ_47",
            "OBJ_48",
            "OBJ_49",
            "OBJ_50"
         );
         name = "Comparisons";
         path = "Comparisons";
         sourceTree = "<group>";
      };
      "OBJ_42" = {
         isa = "PBXFileReference";
         path = "ArrayCompare.swift";
         sourceTree = "<group>";
      };
      "OBJ_43" = {
         isa = "PBXFileReference";
         path = "AttributesCompare.swift";
         sourceTree = "<group>";
      };
      "OBJ_44" = {
         isa = "PBXFileReference";
         path = "Comparison.swift";
         sourceTree = "<group>";
      };
      "OBJ_45" = {
         isa = "PBXFileReference";
         path = "DocumentCompare.swift";
         sourceTree = "<group>";
      };
      "OBJ_46" = {
         isa = "PBXFileReference";
         path = "DocumentDataCompare.swift";
         sourceTree = "<group>";
      };
      "OBJ_47" = {
         isa = "PBXFileReference";
         path = "IncludesCompare.swift";
         sourceTree = "<group>";
      };
      "OBJ_48" = {
         isa = "PBXFileReference";
         path = "Optional+AbstractWrapper.swift";
         sourceTree = "<group>";
      };
      "OBJ_49" = {
         isa = "PBXFileReference";
         path = "RelationshipsCompare.swift";
         sourceTree = "<group>";
      };
      "OBJ_5" = {
         isa = "PBXGroup";
         children = (
            "OBJ_6",
            "OBJ_7",
            "OBJ_56",
            "OBJ_140",
            "OBJ_150",
            "OBJ_156",
            "OBJ_157",
            "OBJ_158",
            "OBJ_159",
            "OBJ_160"
         );
         path = "";
         sourceTree = "<group>";
      };
      "OBJ_50" = {
         isa = "PBXFileReference";
         path = "ResourceObjectCompare.swift";
         sourceTree = "<group>";
      };
      "OBJ_51" = {
         isa = "PBXFileReference";
         path = "Id+Literal.swift";
         sourceTree = "<group>";
      };
      "OBJ_52" = {
         isa = "PBXFileReference";
         path = "Optional+Literal.swift";
         sourceTree = "<group>";
      };
      "OBJ_53" = {
         isa = "PBXFileReference";
         path = "Optional+ZipWith.swift";
         sourceTree = "<group>";
      };
      "OBJ_54" = {
         isa = "PBXFileReference";
         path = "Relationship+Literal.swift";
         sourceTree = "<group>";
      };
      "OBJ_55" = {
         isa = "PBXFileReference";
         path = "ResourceObjectCheck.swift";
         sourceTree = "<group>";
      };
      "OBJ_56" = {
         isa = "PBXGroup";
         children = (
            "OBJ_57",
            "OBJ_72"
         );
         name = "Tests";
         path = "";
         sourceTree = "SOURCE_ROOT";
      };
      "OBJ_57" = {
         isa = "PBXGroup";
         children = (
            "OBJ_58",
            "OBJ_59",
            "OBJ_66",
            "OBJ_67",
            "OBJ_68",
            "OBJ_69"
         );
         name = "JSONAPITestingTests";
         path = "Tests/JSONAPITestingTests";
         sourceTree = "SOURCE_ROOT";
      };
      "OBJ_58" = {
         isa = "PBXFileReference";
         path = "Attribute+LiteralTests.swift";
         sourceTree = "<group>";
      };
      "OBJ_59" = {
         isa = "PBXGroup";
         children = (
            "OBJ_60",
            "OBJ_61",
            "OBJ_62",
            "OBJ_63",
            "OBJ_64",
            "OBJ_65"
         );
         name = "Comparisons";
         path = "Comparisons";
         sourceTree = "<group>";
      };
      "OBJ_6" = {
         isa = "PBXFileReference";
         explicitFileType = "sourcecode.swift";
         path = "Package.swift";
         sourceTree = "<group>";
      };
      "OBJ_60" = {
         isa = "PBXFileReference";
         path = "ArrayCompareTests.swift";
         sourceTree = "<group>";
      };
      "OBJ_61" = {
         isa = "PBXFileReference";
         path = "AttributesCompareTests.swift";
         sourceTree = "<group>";
      };
      "OBJ_62" = {
         isa = "PBXFileReference";
         path = "DocumentCompareTests.swift";
         sourceTree = "<group>";
      };
      "OBJ_63" = {
         isa = "PBXFileReference";
         path = "IncludesCompareTests.swift";
         sourceTree = "<group>";
      };
      "OBJ_64" = {
         isa = "PBXFileReference";
         path = "RelationshipsCompareTests.swift";
         sourceTree = "<group>";
      };
      "OBJ_65" = {
         isa = "PBXFileReference";
         path = "ResourceObjectCompareTests.swift";
         sourceTree = "<group>";
      };
      "OBJ_66" = {
         isa = "PBXFileReference";
         path = "EntityCheckTests.swift";
         sourceTree = "<group>";
      };
      "OBJ_67" = {
         isa = "PBXFileReference";
         path = "Id+LiteralTests.swift";
         sourceTree = "<group>";
      };
      "OBJ_68" = {
         isa = "PBXFileReference";
         path = "Relationship+LiteralTests.swift";
         sourceTree = "<group>";
      };
      "OBJ_69" = {
         isa = "PBXGroup";
         children = (
            "OBJ_70",
            "OBJ_71"
         );
         name = "Test Helpers";
         path = "Test Helpers";
         sourceTree = "<group>";
      };
      "OBJ_7" = {
         isa = "PBXGroup";
         children = (
            "OBJ_8",
            "OBJ_39"
         );
         name = "Sources";
         path = "";
         sourceTree = "SOURCE_ROOT";
      };
      "OBJ_70" = {
         isa = "PBXFileReference";
         path = "EntityTestTypes.swift";
         sourceTree = "<group>";
      };
      "OBJ_71" = {
         isa = "PBXFileReference";
         path = "String+CreatableRawIdType.swift";
         sourceTree = "<group>";
      };
      "OBJ_72" = {
         isa = "PBXGroup";
         children = (
            "OBJ_73",
            "OBJ_77",
            "OBJ_81",
            "OBJ_85",
            "OBJ_87",
            "OBJ_94",
            "OBJ_96",
            "OBJ_99",
            "OBJ_104",
            "OBJ_108",
            "OBJ_110",
            "OBJ_114",
            "OBJ_118",
            "OBJ_122",
            "OBJ_129",
            "OBJ_132",
            "OBJ_133"
         );
         name = "JSONAPITests";
         path = "Tests/JSONAPITests";
         sourceTree = "SOURCE_ROOT";
      };
      "OBJ_73" = {
         isa = "PBXGroup";
         children = (
            "OBJ_74",
            "OBJ_75"
         );
         name = "APIDescription";
         path = "APIDescription";
         sourceTree = "<group>";
      };
      "OBJ_74" = {
         isa = "PBXFileReference";
         path = "APIDescriptionTests.swift";
         sourceTree = "<group>";
      };
      "OBJ_75" = {
         isa = "PBXGroup";
         children = (
            "OBJ_76"
         );
         name = "stubs";
         path = "stubs";
         sourceTree = "<group>";
      };
      "OBJ_76" = {
         isa = "PBXFileReference";
         path = "APIDescriptionsStubs.swift";
         sourceTree = "<group>";
      };
      "OBJ_77" = {
         isa = "PBXGroup";
         children = (
            "OBJ_78",
            "OBJ_79",
            "OBJ_80"
         );
         name = "Attribute";
         path = "Attribute";
         sourceTree = "<group>";
      };
      "OBJ_78" = {
         isa = "PBXFileReference";
         path = "Attribute+FunctorTests.swift";
         sourceTree = "<group>";
      };
      "OBJ_79" = {
         isa = "PBXFileReference";
         path = "AttributeTests.swift";
         sourceTree = "<group>";
      };
      "OBJ_8" = {
         isa = "PBXGroup";
         children = (
            "OBJ_9",
            "OBJ_16",
            "OBJ_17",
            "OBJ_21",
            "OBJ_22",
            "OBJ_25",
            "OBJ_36"
         );
         name = "JSONAPI";
         path = "Sources/JSONAPI";
         sourceTree = "SOURCE_ROOT";
      };
      "OBJ_80" = {
         isa = "PBXFileReference";
         path = "TransformerTests.swift";
         sourceTree = "<group>";
      };
      "OBJ_81" = {
         isa = "PBXGroup";
         children = (
            "OBJ_82",
            "OBJ_83"
         );
         name = "Computed Properties";
         path = "Computed Properties";
         sourceTree = "<group>";
      };
      "OBJ_82" = {
         isa = "PBXFileReference";
         path = "ComputedPropertiesTests.swift";
         sourceTree = "<group>";
      };
      "OBJ_83" = {
         isa = "PBXGroup";
         children = (
            "OBJ_84"
         );
         name = "stubs";
         path = "stubs";
         sourceTree = "<group>";
      };
      "OBJ_84" = {
         isa = "PBXFileReference";
         path = "ComputedPropertiesStubs.swift";
         sourceTree = "<group>";
      };
      "OBJ_85" = {
         isa = "PBXGroup";
         children = (
            "OBJ_86"
         );
         name = "Custom Attributes Tests";
         path = "Custom Attributes Tests";
         sourceTree = "<group>";
      };
      "OBJ_86" = {
         isa = "PBXFileReference";
         path = "CustomAttributesTests.swift";
         sourceTree = "<group>";
      };
      "OBJ_87" = {
         isa = "PBXGroup";
         children = (
            "OBJ_88",
            "OBJ_89",
            "OBJ_90",
            "OBJ_91",
            "OBJ_92"
         );
         name = "Document";
         path = "Document";
         sourceTree = "<group>";
      };
      "OBJ_88" = {
         isa = "PBXFileReference";
         path = "DocumentCompoundResourceTests.swift";
         sourceTree = "<group>";
      };
      "OBJ_89" = {
         isa = "PBXFileReference";
         path = "DocumentDecodingErrorTests.swift";
         sourceTree = "<group>";
      };
      "OBJ_9" = {
         isa = "PBXGroup";
         children = (
            "OBJ_10",
            "OBJ_11",
            "OBJ_12",
            "OBJ_13",
            "OBJ_14",
            "OBJ_15"
         );
         name = "Document";
         path = "Document";
         sourceTree = "<group>";
      };
      "OBJ_90" = {
         isa = "PBXFileReference";
         path = "DocumentTests.swift";
         sourceTree = "<group>";
      };
      "OBJ_91" = {
         isa = "PBXFileReference";
         path = "SuccessAndErrorDocumentTests.swift";
         sourceTree = "<group>";
      };
      "OBJ_92" = {
         isa = "PBXGroup";
         children = (
            "OBJ_93"
         );
         name = "stubs";
         path = "stubs";
         sourceTree = "<group>";
      };
      "OBJ_93" = {
         isa = "PBXFileReference";
         path = "DocumentStubs.swift";
         sourceTree = "<group>";
      };
      "OBJ_94" = {
         isa = "PBXGroup";
         children = (
            "OBJ_95"
         );
         name = "Empty Object Decoder";
         path = "Empty Object Decoder";
         sourceTree = "<group>";
      };
      "OBJ_95" = {
         isa = "PBXFileReference";
         path = "EmptyObjectDecoderTests.swift";
         sourceTree = "<group>";
      };
      "OBJ_96" = {
         isa = "PBXGroup";
         children = (
            "OBJ_97",
            "OBJ_98"
         );
         name = "Error";
         path = "Error";
         sourceTree = "<group>";
      };
      "OBJ_97" = {
         isa = "PBXFileReference";
         path = "BasicJSONAPIErrorTests.swift";
         sourceTree = "<group>";
      };
      "OBJ_98" = {
         isa = "PBXFileReference";
         path = "GenericJSONAPIErrorTests.swift";
         sourceTree = "<group>";
      };
      "OBJ_99" = {
         isa = "PBXGroup";
         children = (
            "OBJ_100",
            "OBJ_101",
            "OBJ_102"
         );
         name = "Includes";
         path = "Includes";
         sourceTree = "<group>";
      };
      "Poly::Poly" = {
         isa = "PBXNativeTarget";
         buildConfigurationList = "OBJ_309";
         buildPhases = (
            "OBJ_312",
            "OBJ_319"
         );
         dependencies = (
         );
         name = "Poly";
         productName = "Poly";
         productReference = "Poly::Poly::Product";
         productType = "com.apple.product-type.framework";
      };
      "Poly::Poly::Product" = {
         isa = "PBXFileReference";
         path = "Poly.framework";
         sourceTree = "BUILT_PRODUCTS_DIR";
      };
      "Poly::SwiftPMPackageDescription" = {
         isa = "PBXNativeTarget";
         buildConfigurationList = "OBJ_321";
         buildPhases = (
            "OBJ_324"
         );
         dependencies = (
         );
         name = "PolyPackageDescription";
         productName = "PolyPackageDescription";
         productType = "com.apple.product-type.framework";
      };
   };
   rootObject = "OBJ_1";
}
